
Microsoft Visual Studio Solution File, Format Version 12.00
# Visual Studio Version 17
VisualStudioVersion = 17.3.32929.385
MinimumVisualStudioVersion = 10.0.40219.1
Project("{2150E333-8FDC-42A3-9474-1A3956D46DE8}") = "Common", "Common", "{1B9296C5-6270-4D23-A1AA-A82007A15419}"
EndProject
Project("{2150E333-8FDC-42A3-9474-1A3956D46DE8}") = "UI", "UI", "{D9CBD16B-519A-4786-8013-07CAD4BE8EDB}"
EndProject
Project("{2150E333-8FDC-42A3-9474-1A3956D46DE8}") = "Services", "Services", "{FC8551D9-8D59-4338-987D-751D1A3588EF}"
EndProject
Project("{9A19103F-16F7-4668-BE54-9A1E7A4F7556}") = "WebStore.Domain", "Common\WebStore.Domain\WebStore.Domain.csproj", "{E8594EC8-1A1B-43A3-867D-0DC495C7E134}"
EndProject
Project("{9A19103F-16F7-4668-BE54-9A1E7A4F7556}") = "WebStore.DAL", "Services\WebStore.DAL\WebStore.DAL.csproj", "{0F09D6D0-3B42-4D22-BA4B-B5B40A8B55A8}"
EndProject
Project("{9A19103F-16F7-4668-BE54-9A1E7A4F7556}") = "WebStore", "UI\WebStore\WebStore.csproj", "{9D078DF7-5819-4CDA-8F56-A028C5761AA2}"
EndProject
Project("{9A19103F-16F7-4668-BE54-9A1E7A4F7556}") = "WebStore.Interfaces", "Services\WebStore.Interfaces\WebStore.Interfaces.csproj", "{63C5C331-D5E2-40E8-B5A6-67F69F1431E8}"
EndProject
Project("{9A19103F-16F7-4668-BE54-9A1E7A4F7556}") = "WebStore.Services", "Services\WebStore.Services\WebStore.Services.csproj", "{61C0A2A5-D588-4AE3-8AAB-72BAFF3244B3}"
EndProject
Project("{9A19103F-16F7-4668-BE54-9A1E7A4F7556}") = "WebStore.ServiceHosting", "Services\WebStore.ServiceHosting\WebStore.ServiceHosting.csproj", "{62AFF2E4-D441-443D-A5BF-D848B7DA94B3}"
EndProject
Project("{FAE04EC0-301F-11D3-BF4B-00C04F79EFBC}") = "WebStore.Clients", "Services\WebStore.Clients\WebStore.Clients.csproj", "{2B3510FD-8B6E-4382-8BE5-54531602ABC1}"
EndProject
Global
	GlobalSection(SolutionConfigurationPlatforms) = preSolution
		Debug|Any CPU = Debug|Any CPU
		Release|Any CPU = Release|Any CPU
	EndGlobalSection
	GlobalSection(ProjectConfigurationPlatforms) = postSolution
		{E8594EC8-1A1B-43A3-867D-0DC495C7E134}.Debug|Any CPU.ActiveCfg = Debug|Any CPU
		{E8594EC8-1A1B-43A3-867D-0DC495C7E134}.Debug|Any CPU.Build.0 = Debug|Any CPU
		{E8594EC8-1A1B-43A3-867D-0DC495C7E134}.Release|Any CPU.ActiveCfg = Release|Any CPU
		{E8594EC8-1A1B-43A3-867D-0DC495C7E134}.Release|Any CPU.Build.0 = Release|Any CPU
		{0F09D6D0-3B42-4D22-BA4B-B5B40A8B55A8}.Debug|Any CPU.ActiveCfg = Debug|Any CPU
		{0F09D6D0-3B42-4D22-BA4B-B5B40A8B55A8}.Debug|Any CPU.Build.0 = Debug|Any CPU
		{0F09D6D0-3B42-4D22-BA4B-B5B40A8B55A8}.Release|Any CPU.ActiveCfg = Release|Any CPU
		{0F09D6D0-3B42-4D22-BA4B-B5B40A8B55A8}.Release|Any CPU.Build.0 = Release|Any CPU
		{9D078DF7-5819-4CDA-8F56-A028C5761AA2}.Debug|Any CPU.ActiveCfg = Debug|Any CPU
		{9D078DF7-5819-4CDA-8F56-A028C5761AA2}.Debug|Any CPU.Build.0 = Debug|Any CPU
		{9D078DF7-5819-4CDA-8F56-A028C5761AA2}.Release|Any CPU.ActiveCfg = Release|Any CPU
		{9D078DF7-5819-4CDA-8F56-A028C5761AA2}.Release|Any CPU.Build.0 = Release|Any CPU
		{63C5C331-D5E2-40E8-B5A6-67F69F1431E8}.Debug|Any CPU.ActiveCfg = Debug|Any CPU
		{63C5C331-D5E2-40E8-B5A6-67F69F1431E8}.Debug|Any CPU.Build.0 = Debug|Any CPU
		{63C5C331-D5E2-40E8-B5A6-67F69F1431E8}.Release|Any CPU.ActiveCfg = Release|Any CPU
		{63C5C331-D5E2-40E8-B5A6-67F69F1431E8}.Release|Any CPU.Build.0 = Release|Any CPU
		{61C0A2A5-D588-4AE3-8AAB-72BAFF3244B3}.Debug|Any CPU.ActiveCfg = Debug|Any CPU
		{61C0A2A5-D588-4AE3-8AAB-72BAFF3244B3}.Debug|Any CPU.Build.0 = Debug|Any CPU
		{61C0A2A5-D588-4AE3-8AAB-72BAFF3244B3}.Release|Any CPU.ActiveCfg = Release|Any CPU
		{61C0A2A5-D588-4AE3-8AAB-72BAFF3244B3}.Release|Any CPU.Build.0 = Release|Any CPU
		{62AFF2E4-D441-443D-A5BF-D848B7DA94B3}.Debug|Any CPU.ActiveCfg = Debug|Any CPU
		{62AFF2E4-D441-443D-A5BF-D848B7DA94B3}.Debug|Any CPU.Build.0 = Debug|Any CPU
		{62AFF2E4-D441-443D-A5BF-D848B7DA94B3}.Release|Any CPU.ActiveCfg = Release|Any CPU
		{62AFF2E4-D441-443D-A5BF-D848B7DA94B3}.Release|Any CPU.Build.0 = Release|Any CPU
		{2B3510FD-8B6E-4382-8BE5-54531602ABC1}.Debug|Any CPU.ActiveCfg = Debug|Any CPU
		{2B3510FD-8B6E-4382-8BE5-54531602ABC1}.Debug|Any CPU.Build.0 = Debug|Any CPU
		{2B3510FD-8B6E-4382-8BE5-54531602ABC1}.Release|Any CPU.ActiveCfg = Release|Any CPU
		{2B3510FD-8B6E-4382-8BE5-54531602ABC1}.Release|Any CPU.Build.0 = Release|Any CPU
	EndGlobalSection
	GlobalSection(SolutionProperties) = preSolution
		HideSolutionNode = FALSE
	EndGlobalSection
	GlobalSection(NestedProjects) = preSolution
		{E8594EC8-1A1B-43A3-867D-0DC495C7E134} = {1B9296C5-6270-4D23-A1AA-A82007A15419}
		{0F09D6D0-3B42-4D22-BA4B-B5B40A8B55A8} = {FC8551D9-8D59-4338-987D-751D1A3588EF}
		{9D078DF7-5819-4CDA-8F56-A028C5761AA2} = {D9CBD16B-519A-4786-8013-07CAD4BE8EDB}
		{63C5C331-D5E2-40E8-B5A6-67F69F1431E8} = {FC8551D9-8D59-4338-987D-751D1A3588EF}
		{61C0A2A5-D588-4AE3-8AAB-72BAFF3244B3} = {FC8551D9-8D59-4338-987D-751D1A3588EF}
		{62AFF2E4-D441-443D-A5BF-D848B7DA94B3} = {FC8551D9-8D59-4338-987D-751D1A3588EF}
		{2B3510FD-8B6E-4382-8BE5-54531602ABC1} = {FC8551D9-8D59-4338-987D-751D1A3588EF}
	EndGlobalSection
	GlobalSection(ExtensibilityGlobals) = postSolution
		SolutionGuid = {88A29C28-E2E1-4C56-835B-AB8C0AF2A613}
	EndGlobalSection
EndGlobal
